
Microsoft Visual Studio Solution File, Format Version 12.00
# Visual Studio Version 17
VisualStudioVersion = 17.9.34607.119
MinimumVisualStudioVersion = 10.0.40219.1
Project("{9A19103F-16F7-4668-BE54-9A1E7A4F7556}") = "Kevin2024.Windows", "Kevin2024.Windows\Kevin2024.Windows.csproj", "{E5AF1BAE-95F3-498C-857A-F73CD664D699}"
EndProject
Project("{FAE04EC0-301F-11D3-BF4B-00C04F79EFBC}") = "Kevin2024.Datos", "Kevin2024.Datos\Kevin2024.Datos.csproj", "{E0D444CC-CFF2-4C78-AC35-5E01E10556E8}"
EndProject
Project("{FAE04EC0-301F-11D3-BF4B-00C04F79EFBC}") = "Kevin2024.Entidades", "Kevin2024.Entindades\Kevin2024.Entidades.csproj", "{6EF73C92-9BBD-4596-9253-8D24E09D98CF}"
EndProject
Project("{FAE04EC0-301F-11D3-BF4B-00C04F79EFBC}") = "Kevin2024.Servicios", "Kevin2024.Servicios\Kevin2024.Servicios.csproj", "{39904A2C-02A5-413A-AF35-82B8786264FE}"
EndProject
Project("{FAE04EC0-301F-11D3-BF4B-00C04F79EFBC}") = "Kevin2024.IoC", "Kevin2024.IoC\Kevin2024.IoC.csproj", "{1ECB0E4C-E72B-40D6-AEDE-F350D705D459}"
EndProject
Global
	GlobalSection(SolutionConfigurationPlatforms) = preSolution
		Debug|Any CPU = Debug|Any CPU
		Release|Any CPU = Release|Any CPU
	EndGlobalSection
	GlobalSection(ProjectConfigurationPlatforms) = postSolution
		{E5AF1BAE-95F3-498C-857A-F73CD664D699}.Debug|Any CPU.ActiveCfg = Debug|Any CPU
		{E5AF1BAE-95F3-498C-857A-F73CD664D699}.Debug|Any CPU.Build.0 = Debug|Any CPU
		{E5AF1BAE-95F3-498C-857A-F73CD664D699}.Release|Any CPU.ActiveCfg = Release|Any CPU
		{E5AF1BAE-95F3-498C-857A-F73CD664D699}.Release|Any CPU.Build.0 = Release|Any CPU
		{E0D444CC-CFF2-4C78-AC35-5E01E10556E8}.Debug|Any CPU.ActiveCfg = Debug|Any CPU
		{E0D444CC-CFF2-4C78-AC35-5E01E10556E8}.Debug|Any CPU.Build.0 = Debug|Any CPU
		{E0D444CC-CFF2-4C78-AC35-5E01E10556E8}.Release|Any CPU.ActiveCfg = Release|Any CPU
		{E0D444CC-CFF2-4C78-AC35-5E01E10556E8}.Release|Any CPU.Build.0 = Release|Any CPU
		{6EF73C92-9BBD-4596-9253-8D24E09D98CF}.Debug|Any CPU.ActiveCfg = Debug|Any CPU
		{6EF73C92-9BBD-4596-9253-8D24E09D98CF}.Debug|Any CPU.Build.0 = Debug|Any CPU
		{6EF73C92-9BBD-4596-9253-8D24E09D98CF}.Release|Any CPU.ActiveCfg = Release|Any CPU
		{6EF73C92-9BBD-4596-9253-8D24E09D98CF}.Release|Any CPU.Build.0 = Release|Any CPU
		{39904A2C-02A5-413A-AF35-82B8786264FE}.Debug|Any CPU.ActiveCfg = Debug|Any CPU
		{39904A2C-02A5-413A-AF35-82B8786264FE}.Debug|Any CPU.Build.0 = Debug|Any CPU
		{39904A2C-02A5-413A-AF35-82B8786264FE}.Release|Any CPU.ActiveCfg = Release|Any CPU
		{39904A2C-02A5-413A-AF35-82B8786264FE}.Release|Any CPU.Build.0 = Release|Any CPU
		{1ECB0E4C-E72B-40D6-AEDE-F350D705D459}.Debug|Any CPU.ActiveCfg = Debug|Any CPU
		{1ECB0E4C-E72B-40D6-AEDE-F350D705D459}.Debug|Any CPU.Build.0 = Debug|Any CPU
		{1ECB0E4C-E72B-40D6-AEDE-F350D705D459}.Release|Any CPU.ActiveCfg = Release|Any CPU
		{1ECB0E4C-E72B-40D6-AEDE-F350D705D459}.Release|Any CPU.Build.0 = Release|Any CPU
	EndGlobalSection
	GlobalSection(SolutionProperties) = preSolution
		HideSolutionNode = FALSE
	EndGlobalSection
	GlobalSection(ExtensibilityGlobals) = postSolution
		SolutionGuid = {4F2D8F74-0A9D-4A8C-BFCC-33787E4F426A}
	EndGlobalSection
EndGlobal
